{
  "meteor": {},
  "dependencies": {
    "basePackages": {
      "moment": {},
      "user-status": {}
    },
    "packages": {
      "moment": {
        "git": "https://github.com/acreeger/meteor-moment.git",
        "tag": "v2.2.1",
        "commit": "9ee12e714afe56b189f53076447b7b54f3012065"
      },
      "user-status": {
        "git": "https://github.com/mizzao/meteor-user-status.git",
        "tag": "v0.1.5",
        "commit": "0169a468e57155f1d61fc2b1cd76bc9ca51c7313"
      }
    }
  }
}
